// !$*UTF8*$!
{
	archiveVersion = 1;
	classes = {
	};
	objectVersion = 50;
	objects = {

/* Begin PBXBuildFile section */
		C50133352224F01C0038DAAA /* SetCard81Faces.swift in Sources */ = {isa = PBXBuildFile; fileRef = C50133342224F01C0038DAAA /* SetCard81Faces.swift */; };
		C50133372224F0450038DAAA /* SetCardGame.swift in Sources */ = {isa = PBXBuildFile; fileRef = C50133362224F0450038DAAA /* SetCardGame.swift */; };
		C5401A61221D907700FF9D02 /* AppDelegate.swift in Sources */ = {isa = PBXBuildFile; fileRef = C5401A60221D907700FF9D02 /* AppDelegate.swift */; };
		C5401A63221D907700FF9D02 /* ViewController.swift in Sources */ = {isa = PBXBuildFile; fileRef = C5401A62221D907700FF9D02 /* ViewController.swift */; };
		C5401A66221D907700FF9D02 /* Main.storyboard in Resources */ = {isa = PBXBuildFile; fileRef = C5401A64221D907700FF9D02 /* Main.storyboard */; };
		C5401A68221D907800FF9D02 /* Assets.xcassets in Resources */ = {isa = PBXBuildFile; fileRef = C5401A67221D907800FF9D02 /* Assets.xcassets */; };
		C5401A6B221D907800FF9D02 /* LaunchScreen.storyboard in Resources */ = {isa = PBXBuildFile; fileRef = C5401A69221D907800FF9D02 /* LaunchScreen.storyboard */; };
		C5401A73221E7B8D00FF9D02 /* SketchOfSymbols.swift in Sources */ = {isa = PBXBuildFile; fileRef = C5401A72221E7B8D00FF9D02 /* SketchOfSymbols.swift */; };
		C5401A75221EB80400FF9D02 /* MainView.swift in Sources */ = {isa = PBXBuildFile; fileRef = C5401A74221EB80400FF9D02 /* MainView.swift */; };
		C5D6D9F62223CE7B00681EA2 /* Grid.swift in Sources */ = {isa = PBXBuildFile; fileRef = C5D6D9F52223CE7B00681EA2 /* Grid.swift */; };
/* End PBXBuildFile section */

/* Begin PBXFileReference section */
		C50133342224F01C0038DAAA /* SetCard81Faces.swift */ = {isa = PBXFileReference; fileEncoding = 4; lastKnownFileType = sourcecode.swift; path = SetCard81Faces.swift; sourceTree = "<group>"; };
		C50133362224F0450038DAAA /* SetCardGame.swift */ = {isa = PBXFileReference; fileEncoding = 4; lastKnownFileType = sourcecode.swift; path = SetCardGame.swift; sourceTree = "<group>"; };
		C5401A5D221D907700FF9D02 /* playdrawing.app */ = {isa = PBXFileReference; explicitFileType = wrapper.application; includeInIndex = 0; path = playdrawing.app; sourceTree = BUILT_PRODUCTS_DIR; };
		C5401A60221D907700FF9D02 /* AppDelegate.swift */ = {isa = PBXFileReference; lastKnownFileType = sourcecode.swift; path = AppDelegate.swift; sourceTree = "<group>"; };
		C5401A62221D907700FF9D02 /* ViewController.swift */ = {isa = PBXFileReference; lastKnownFileType = sourcecode.swift; path = ViewController.swift; sourceTree = "<group>"; };
		C5401A65221D907700FF9D02 /* Base */ = {isa = PBXFileReference; lastKnownFileType = file.storyboard; name = Base; path = Base.lproj/Main.storyboard; sourceTree = "<group>"; };
		C5401A67221D907800FF9D02 /* Assets.xcassets */ = {isa = PBXFileReference; lastKnownFileType = folder.assetcatalog; path = Assets.xcassets; sourceTree = "<group>"; };
		C5401A6A221D907800FF9D02 /* Base */ = {isa = PBXFileReference; lastKnownFileType = file.storyboard; name = Base; path = Base.lproj/LaunchScreen.storyboard; sourceTree = "<group>"; };
		C5401A6C221D907800FF9D02 /* Info.plist */ = {isa = PBXFileReference; lastKnownFileType = text.plist.xml; path = Info.plist; sourceTree = "<group>"; };
		C5401A72221E7B8D00FF9D02 /* SketchOfSymbols.swift */ = {isa = PBXFileReference; lastKnownFileType = sourcecode.swift; path = SketchOfSymbols.swift; sourceTree = "<group>"; };
		C5401A74221EB80400FF9D02 /* MainView.swift */ = {isa = PBXFileReference; lastKnownFileType = sourcecode.swift; path = MainView.swift; sourceTree = "<group>"; };
		C5D6D9F52223CE7B00681EA2 /* Grid.swift */ = {isa = PBXFileReference; fileEncoding = 4; lastKnownFileType = sourcecode.swift; path = Grid.swift; sourceTree = "<group>"; };
/* End PBXFileReference section */

/* Begin PBXFrameworksBuildPhase section */
		C5401A5A221D907700FF9D02 /* Frameworks */ = {
			isa = PBXFrameworksBuildPhase;
			buildActionMask = 2147483647;
			files = (
			);
			runOnlyForDeploymentPostprocessing = 0;
		};
/* End PBXFrameworksBuildPhase section */

/* Begin PBXGroup section */
		C5401A54221D907700FF9D02 = {
			isa = PBXGroup;
			children = (
				C5401A5F221D907700FF9D02 /* playdrawing */,
				C5401A5E221D907700FF9D02 /* Products */,
			);
			sourceTree = "<group>";
		};
		C5401A5E221D907700FF9D02 /* Products */ = {
			isa = PBXGroup;
			children = (
				C5401A5D221D907700FF9D02 /* playdrawing.app */,
			);
			name = Products;
			sourceTree = "<group>";
		};
		C5401A5F221D907700FF9D02 /* playdrawing */ = {
			isa = PBXGroup;
			children = (
				C50133342224F01C0038DAAA /* SetCard81Faces.swift */,
				C50133362224F0450038DAAA /* SetCardGame.swift */,
				C5401A60221D907700FF9D02 /* AppDelegate.swift */,
				C5D6D9F52223CE7B00681EA2 /* Grid.swift */,
				C5401A74221EB80400FF9D02 /* MainView.swift */,
				C5401A62221D907700FF9D02 /* ViewController.swift */,
				C5401A72221E7B8D00FF9D02 /* SketchOfSymbols.swift */,
				C5401A64221D907700FF9D02 /* Main.storyboard */,
				C5401A67221D907800FF9D02 /* Assets.xcassets */,
				C5401A69221D907800FF9D02 /* LaunchScreen.storyboard */,
				C5401A6C221D907800FF9D02 /* Info.plist */,
			);
			path = playdrawing;
			sourceTree = "<group>";
		};
/* End PBXGroup section */

/* Begin PBXNativeTarget section */
		C5401A5C221D907700FF9D02 /* playdrawing */ = {
			isa = PBXNativeTarget;
			buildConfigurationList = C5401A6F221D907800FF9D02 /* Build configuration list for PBXNativeTarget "playdrawing" */;
			buildPhases = (
				C5401A59221D907700FF9D02 /* Sources */,
				C5401A5A221D907700FF9D02 /* Frameworks */,
				C5401A5B221D907700FF9D02 /* Resources */,
			);
			buildRules = (
			);
			dependencies = (
			);
			name = playdrawing;
			productName = playdrawing;
			productReference = C5401A5D221D907700FF9D02 /* playdrawing.app */;
			productType = "com.apple.product-type.application";
		};
/* End PBXNativeTarget section */

/* Begin PBXProject section */
		C5401A55221D907700FF9D02 /* Project object */ = {
			isa = PBXProject;
			attributes = {
				LastSwiftUpdateCheck = 1010;
				LastUpgradeCheck = 1010;
				ORGANIZATIONNAME = "Other develoeprs";
				TargetAttributes = {
					C5401A5C221D907700FF9D02 = {
						CreatedOnToolsVersion = 10.1;
					};
				};
			};
			buildConfigurationList = C5401A58221D907700FF9D02 /* Build configuration list for PBXProject "playdrawing" */;
			compatibilityVersion = "Xcode 9.3";
			developmentRegion = en;
			hasScannedForEncodings = 0;
			knownRegions = (
				en,
				Base,
			);
			mainGroup = C5401A54221D907700FF9D02;
			productRefGroup = C5401A5E221D907700FF9D02 /* Products */;
			projectDirPath = "";
			projectRoot = "";
			targets = (
				C5401A5C221D907700FF9D02 /* playdrawing */,
			);
		};
/* End PBXProject section */

/* Begin PBXResourcesBuildPhase section */
		C5401A5B221D907700FF9D02 /* Resources */ = {
			isa = PBXResourcesBuildPhase;
			buildActionMask = 2147483647;
			files = (
				C5401A6B221D907800FF9D02 /* LaunchScreen.storyboard in Resources */,
				C5401A68221D907800FF9D02 /* Assets.xcassets in Resources */,
				C5401A66221D907700FF9D02 /* Main.storyboard in Resources */,
			);
			runOnlyForDeploymentPostprocessing = 0;
		};
/* End PBXResourcesBuildPhase section */

/* Begin PBXSourcesBuildPhase section */
		C5401A59221D907700FF9D02 /* Sources */ = {
			isa = PBXSourcesBuildPhase;
			buildActionMask = 2147483647;
			files = (
				C5401A63221D907700FF9D02 /* ViewController.swift in Sources */,
				C50133352224F01C0038DAAA /* SetCard81Faces.swift in Sources */,
				C5401A75221EB80400FF9D02 /* MainView.swift in Sources */,
				C5401A73221E7B8D00FF9D02 /* SketchOfSymbols.swift in Sources */,
				C50133372224F0450038DAAA /* SetCardGame.swift in Sources */,
				C5D6D9F62223CE7B00681EA2 /* Grid.swift in Sources */,
				C5401A61221D907700FF9D02 /* AppDelegate.swift in Sources */,
			);
			runOnlyForDeploymentPostprocessing = 0;
		};
/* End PBXSourcesBuildPhase section */

/* Begin PBXVariantGroup section */
		C5401A64221D907700FF9D02 /* Main.storyboard */ = {
			isa = PBXVariantGroup;
			children = (
				C5401A65221D907700FF9D02 /* Base */,
			);
			name = Main.storyboard;
			sourceTree = "<group>";
		};
		C5401A69221D907800FF9D02 /* LaunchScreen.storyboard */ = {
			isa = PBXVariantGroup;
			children = (
				C5401A6A221D907800FF9D02 /* Base */,
			);
			name = LaunchScreen.storyboard;
			sourceTree = "<group>";
		};
/* End PBXVariantGroup section */

/* Begin XCBuildConfiguration section */
		C5401A6D221D907800FF9D02 /* Debug */ = {
			isa = XCBuildConfiguration;
			buildSettings = {
				ALWAYS_SEARCH_USER_PATHS = NO;
				CLANG_ANALYZER_NONNULL = YES;
				CLANG_ANALYZER_NUMBER_OBJECT_CONVERSION = YES_AGGRESSIVE;
				CLANG_CXX_LANGUAGE_STANDARD = "gnu++14";
				CLANG_CXX_LIBRARY = "libc++";
				CLANG_ENABLE_MODULES = YES;
				CLANG_ENABLE_OBJC_ARC = YES;
				CLANG_ENABLE_OBJC_WEAK = YES;
				CLANG_WARN_BLOCK_CAPTURE_AUTORELEASING = YES;
				CLANG_WARN_BOOL_CONVERSION = YES;
				CLANG_WARN_COMMA = YES;
				CLANG_WARN_CONSTANT_CONVERSION = YES;
				CLANG_WARN_DEPRECATED_OBJC_IMPLEMENTATIONS = YES;
				CLANG_WARN_DIRECT_OBJC_ISA_USAGE = YES_ERROR;
				CLANG_WARN_DOCUMENTATION_COMMENTS = YES;
				CLANG_WARN_EMPTY_BODY = YES;
				CLANG_WARN_ENUM_CONVERSION = YES;
				CLANG_WARN_INFINITE_RECURSION = YES;
				CLANG_WARN_INT_CONVERSION = YES;
				CLANG_WARN_NON_LITERAL_NULL_CONVERSION = YES;
				CLANG_WARN_OBJC_IMPLICIT_RETAIN_SELF = YES;
				CLANG_WARN_OBJC_LITERAL_CONVERSION = YES;
				CLANG_WARN_OBJC_ROOT_CLASS = YES_ERROR;
				CLANG_WARN_RANGE_LOOP_ANALYSIS = YES;
				CLANG_WARN_STRICT_PROTOTYPES = YES;
				CLANG_WARN_SUSPICIOUS_MOVE = YES;
				CLANG_WARN_UNGUARDED_AVAILABILITY = YES_AGGRESSIVE;
				CLANG_WARN_UNREACHABLE_CODE = YES;
				CLANG_WARN__DUPLICATE_METHOD_MATCH = YES;
				CODE_SIGN_IDENTITY = "iPhone Developer";
				COPY_PHASE_STRIP = NO;
				DEBUG_INFORMATION_FORMAT = dwarf;
				ENABLE_STRICT_OBJC_MSGSEND = YES;
				ENABLE_TESTABILITY = YES;
				GCC_C_LANGUAGE_STANDARD = gnu11;
				GCC_DYNAMIC_NO_PIC = NO;
				GCC_NO_COMMON_BLOCKS = YES;
				GCC_OPTIMIZATION_LEVEL = 0;
				GCC_PREPROCESSOR_DEFINITIONS = (
					"DEBUG=1",
					"$(inherited)",
				);
				GCC_WARN_64_TO_32_BIT_CONVERSION = YES;
				GCC_WARN_ABOUT_RETURN_TYPE = YES_ERROR;
				GCC_WARN_UNDECLARED_SELECTOR = YES;
				GCC_WARN_UNINITIALIZED_AUTOS = YES_AGGRESSIVE;
				GCC_WARN_UNUSED_FUNCTION = YES;
				GCC_WARN_UNUSED_VARIABLE = YES;
				IPHONEOS_DEPLOYMENT_TARGET = 12.1;
				MTL_ENABLE_DEBUG_INFO = INCLUDE_SOURCE;
				MTL_FAST_MATH = YES;
				ONLY_ACTIVE_ARCH = YES;
				SDKROOT = iphoneos;
				SWIFT_ACTIVE_COMPILATION_CONDITIONS = DEBUG;
				SWIFT_OPTIMIZATION_LEVEL = "-Onone";
			};
			name = Debug;
		};
		C5401A6E221D907800FF9D02 /* Release */ = {
			isa = XCBuildConfiguration;
			buildSettings = {
				ALWAYS_SEARCH_USER_PATHS = NO;
				CLANG_ANALYZER_NONNULL = YES;
				CLANG_ANALYZER_NUMBER_OBJECT_CONVERSION = YES_AGGRESSIVE;
				CLANG_CXX_LANGUAGE_STANDARD = "gnu++14";
				CLANG_CXX_LIBRARY = "libc++";
				CLANG_ENABLE_MODULES = YES;
				CLANG_ENABLE_OBJC_ARC = YES;
				CLANG_ENABLE_OBJC_WEAK = YES;
				CLANG_WARN_BLOCK_CAPTURE_AUTORELEASING = YES;
				CLANG_WARN_BOOL_CONVERSION = YES;
				CLANG_WARN_COMMA = YES;
				CLANG_WARN_CONSTANT_CONVERSION = YES;
				CLANG_WARN_DEPRECATED_OBJC_IMPLEMENTATIONS = YES;
				CLANG_WARN_DIRECT_OBJC_ISA_USAGE = YES_ERROR;
				CLANG_WARN_DOCUMENTATION_COMMENTS = YES;
				CLANG_WARN_EMPTY_BODY = YES;
				CLANG_WARN_ENUM_CONVERSION = YES;
				CLANG_WARN_INFINITE_RECURSION = YES;
				CLANG_WARN_INT_CONVERSION = YES;
				CLANG_WARN_NON_LITERAL_NULL_CONVERSION = YES;
				CLANG_WARN_OBJC_IMPLICIT_RETAIN_SELF = YES;
				CLANG_WARN_OBJC_LITERAL_CONVERSION = YES;
				CLANG_WARN_OBJC_ROOT_CLASS = YES_ERROR;
				CLANG_WARN_RANGE_LOOP_ANALYSIS = YES;
				CLANG_WARN_STRICT_PROTOTYPES = YES;
				CLANG_WARN_SUSPICIOUS_MOVE = YES;
				CLANG_WARN_UNGUARDED_AVAILABILITY = YES_AGGRESSIVE;
				CLANG_WARN_UNREACHABLE_CODE = YES;
				CLANG_WARN__DUPLICATE_METHOD_MATCH = YES;
				CODE_SIGN_IDENTITY = "iPhone Developer";
				COPY_PHASE_STRIP = NO;
				DEBUG_INFORMATION_FORMAT = "dwarf-with-dsym";
				ENABLE_NS_ASSERTIONS = NO;
				ENABLE_STRICT_OBJC_MSGSEND = YES;
				GCC_C_LANGUAGE_STANDARD = gnu11;
				GCC_NO_COMMON_BLOCKS = YES;
				GCC_WARN_64_TO_32_BIT_CONVERSION = YES;
				GCC_WARN_ABOUT_RETURN_TYPE = YES_ERROR;
				GCC_WARN_UNDECLARED_SELECTOR = YES;
				GCC_WARN_UNINITIALIZED_AUTOS = YES_AGGRESSIVE;
				GCC_WARN_UNUSED_FUNCTION = YES;
				GCC_WARN_UNUSED_VARIABLE = YES;
				IPHONEOS_DEPLOYMENT_TARGET = 12.1;
				MTL_ENABLE_DEBUG_INFO = NO;
				MTL_FAST_MATH = YES;
				SDKROOT = iphoneos;
				SWIFT_COMPILATION_MODE = wholemodule;
				SWIFT_OPTIMIZATION_LEVEL = "-O";
				VALIDATE_PRODUCT = YES;
			};
			name = Release;
		};
		C5401A70221D907800FF9D02 /* Debug */ = {
			isa = XCBuildConfiguration;
			buildSettings = {
				ASSETCATALOG_COMPILER_APPICON_NAME = AppIcon;
				CODE_SIGN_STYLE = Automatic;
				INFOPLIST_FILE = playdrawing/Info.plist;
				LD_RUNPATH_SEARCH_PATHS = (
					"$(inherited)",
					"@executable_path/Frameworks",
				);
				PRODUCT_BUNDLE_IDENTIFIER = circularText.playdrawing;
				PRODUCT_NAME = "$(TARGET_NAME)";
				SWIFT_VERSION = 4.2;
				TARGETED_DEVICE_FAMILY = "1,2";
			};
			name = Debug;
		};
		C5401A71221D907800FF9D02 /* Release */ = {
			isa = XCBuildConfiguration;
			buildSettings = {
				ASSETCATALOG_COMPILER_APPICON_NAME = AppIcon;
				CODE_SIGN_STYLE = Automatic;
				INFOPLIST_FILE = playdrawing/Info.plist;
				LD_RUNPATH_SEARCH_PATHS = (
					"$(inherited)",
					"@executable_path/Frameworks",
				);
				PRODUCT_BUNDLE_IDENTIFIER = circularText.playdrawing;
				PRODUCT_NAME = "$(TARGET_NAME)";
				SWIFT_VERSION = 4.2;
				TARGETED_DEVICE_FAMILY = "1,2";
			};
			name = Release;
		};
/* End XCBuildConfiguration section */

/* Begin XCConfigurationList section */
		C5401A58221D907700FF9D02 /* Build configuration list for PBXProject "playdrawing" */ = {
			isa = XCConfigurationList;
			buildConfigurations = (
				C5401A6D221D907800FF9D02 /* Debug */,
				C5401A6E221D907800FF9D02 /* Release */,
			);
			defaultConfigurationIsVisible = 0;
			defaultConfigurationName = Release;
		};
		C5401A6F221D907800FF9D02 /* Build configuration list for PBXNativeTarget "playdrawing" */ = {
			isa = XCConfigurationList;
			buildConfigurations = (
				C5401A70221D907800FF9D02 /* Debug */,
				C5401A71221D907800FF9D02 /* Release */,
			);
			defaultConfigurationIsVisible = 0;
			defaultConfigurationName = Release;
		};
/* End XCConfigurationList section */
	};
	rootObject = C5401A55221D907700FF9D02 /* Project object */;
}
